
Microsoft Visual Studio Solution File, Format Version 12.00
# Visual Studio Version 16
VisualStudioVersion = 16.0.29806.167
MinimumVisualStudioVersion = 10.0.40219.1
Project("{8BC9CEB8-8B4A-11D0-8D11-00A0C91BC942}") = "Assignments", "Assignments.vcxproj", "{9D4C4951-FE14-4E83-A07E-73318FAF9DE5}"
EndProject
Project("{8BC9CEB8-8B4A-11D0-8D11-00A0C91BC942}") = "Assignment01", "..\Assignment01\Assignment01.vcxproj", "{FCA63F66-E537-4286-8210-E75BF607B6FE}"
EndProject
Project("{8BC9CEB8-8B4A-11D0-8D11-00A0C91BC942}") = "Assignment02", "..\Assignment02\Assignment02.vcxproj", "{1355650D-1911-4512-A2F3-4B9089DC826D}"
EndProject
Project("{8BC9CEB8-8B4A-11D0-8D11-00A0C91BC942}") = "Assignment03", "..\Assignment03\Assignment03.vcxproj", "{38BC663C-9CBC-4C40-A7F4-7A7B3D824710}"
EndProject
Project("{8BC9CEB8-8B4A-11D0-8D11-00A0C91BC942}") = "Assignment04", "..\Assignment04\Assignment04.vcxproj", "{7098480B-7C42-4BC0-95E4-3258B755841F}"
EndProject
Project("{8BC9CEB8-8B4A-11D0-8D11-00A0C91BC942}") = "Assignment05", "..\Assignment05\Assignment05.vcxproj", "{B7E4298B-7D27-47DB-87E6-3AAA565FD4ED}"
EndProject
Project("{8BC9CEB8-8B4A-11D0-8D11-00A0C91BC942}") = "Assignment06", "..\Assignment06\Assignment06.vcxproj", "{7D77A22E-529B-45BD-85E6-27F2950AA630}"
EndProject
Project("{8BC9CEB8-8B4A-11D0-8D11-00A0C91BC942}") = "Assignment08", "..\Assignment08\Assignment08.vcxproj", "{1045A16A-2B16-4215-8776-B9FF8E994918}"
EndProject
Project("{8BC9CEB8-8B4A-11D0-8D11-00A0C91BC942}") = "Assignment07", "..\Assignment07\Assignment07.vcxproj", "{F9B2D848-3ECC-4864-8500-695B3E34EDE8}"
EndProject
Project("{8BC9CEB8-8B4A-11D0-8D11-00A0C91BC942}") = "Assignment09", "..\Assignment09\Assignment09.vcxproj", "{E9DCFA53-CF57-430A-9A65-B513729EEF9E}"
EndProject
Project("{8BC9CEB8-8B4A-11D0-8D11-00A0C91BC942}") = "Assignment10", "..\Assignment10\Assignment10.vcxproj", "{8B39EB08-D352-4EE1-AF4A-994A6E21856C}"
EndProject
Project("{8BC9CEB8-8B4A-11D0-8D11-00A0C91BC942}") = "Assignment11", "..\Assignment11\Assignment11.vcxproj", "{FB8DB176-7AB8-47A8-A296-4E4EF61A3F2A}"
EndProject
Project("{8BC9CEB8-8B4A-11D0-8D11-00A0C91BC942}") = "Assignment12", "..\Assignment12\Assignment12.vcxproj", "{2604DBED-DAD8-4465-9721-329C18F1500B}"
EndProject
Project("{8BC9CEB8-8B4A-11D0-8D11-00A0C91BC942}") = "Assignment13", "..\Assignment13\Assignment13.vcxproj", "{E3F1B208-12E6-4E91-80B8-FC4D7A251051}"
EndProject
Project("{8BC9CEB8-8B4A-11D0-8D11-00A0C91BC942}") = "Assignment14", "..\Assignment14\Assignment14.vcxproj", "{FE4D135D-14E4-478E-9BB6-60BFE87BD523}"
EndProject
Global
	GlobalSection(SolutionConfigurationPlatforms) = preSolution
		Debug|x64 = Debug|x64
		Debug|x86 = Debug|x86
		Release|x64 = Release|x64
		Release|x86 = Release|x86
	EndGlobalSection
	GlobalSection(ProjectConfigurationPlatforms) = postSolution
		{9D4C4951-FE14-4E83-A07E-73318FAF9DE5}.Debug|x64.ActiveCfg = Debug|x64
		{9D4C4951-FE14-4E83-A07E-73318FAF9DE5}.Debug|x64.Build.0 = Debug|x64
		{9D4C4951-FE14-4E83-A07E-73318FAF9DE5}.Debug|x86.ActiveCfg = Debug|Win32
		{9D4C4951-FE14-4E83-A07E-73318FAF9DE5}.Debug|x86.Build.0 = Debug|Win32
		{9D4C4951-FE14-4E83-A07E-73318FAF9DE5}.Release|x64.ActiveCfg = Release|x64
		{9D4C4951-FE14-4E83-A07E-73318FAF9DE5}.Release|x64.Build.0 = Release|x64
		{9D4C4951-FE14-4E83-A07E-73318FAF9DE5}.Release|x86.ActiveCfg = Release|Win32
		{9D4C4951-FE14-4E83-A07E-73318FAF9DE5}.Release|x86.Build.0 = Release|Win32
		{FCA63F66-E537-4286-8210-E75BF607B6FE}.Debug|x64.ActiveCfg = Debug|x64
		{FCA63F66-E537-4286-8210-E75BF607B6FE}.Debug|x64.Build.0 = Debug|x64
		{FCA63F66-E537-4286-8210-E75BF607B6FE}.Debug|x86.ActiveCfg = Debug|Win32
		{FCA63F66-E537-4286-8210-E75BF607B6FE}.Debug|x86.Build.0 = Debug|Win32
		{FCA63F66-E537-4286-8210-E75BF607B6FE}.Release|x64.ActiveCfg = Release|x64
		{FCA63F66-E537-4286-8210-E75BF607B6FE}.Release|x64.Build.0 = Release|x64
		{FCA63F66-E537-4286-8210-E75BF607B6FE}.Release|x86.ActiveCfg = Release|Win32
		{FCA63F66-E537-4286-8210-E75BF607B6FE}.Release|x86.Build.0 = Release|Win32
		{1355650D-1911-4512-A2F3-4B9089DC826D}.Debug|x64.ActiveCfg = Debug|x64
		{1355650D-1911-4512-A2F3-4B9089DC826D}.Debug|x64.Build.0 = Debug|x64
		{1355650D-1911-4512-A2F3-4B9089DC826D}.Debug|x86.ActiveCfg = Debug|Win32
		{1355650D-1911-4512-A2F3-4B9089DC826D}.Debug|x86.Build.0 = Debug|Win32
		{1355650D-1911-4512-A2F3-4B9089DC826D}.Release|x64.ActiveCfg = Release|x64
		{1355650D-1911-4512-A2F3-4B9089DC826D}.Release|x64.Build.0 = Release|x64
		{1355650D-1911-4512-A2F3-4B9089DC826D}.Release|x86.ActiveCfg = Release|Win32
		{1355650D-1911-4512-A2F3-4B9089DC826D}.Release|x86.Build.0 = Release|Win32
		{38BC663C-9CBC-4C40-A7F4-7A7B3D824710}.Debug|x64.ActiveCfg = Debug|x64
		{38BC663C-9CBC-4C40-A7F4-7A7B3D824710}.Debug|x64.Build.0 = Debug|x64
		{38BC663C-9CBC-4C40-A7F4-7A7B3D824710}.Debug|x86.ActiveCfg = Debug|Win32
		{38BC663C-9CBC-4C40-A7F4-7A7B3D824710}.Debug|x86.Build.0 = Debug|Win32
		{38BC663C-9CBC-4C40-A7F4-7A7B3D824710}.Release|x64.ActiveCfg = Release|x64
		{38BC663C-9CBC-4C40-A7F4-7A7B3D824710}.Release|x64.Build.0 = Release|x64
		{38BC663C-9CBC-4C40-A7F4-7A7B3D824710}.Release|x86.ActiveCfg = Release|Win32
		{38BC663C-9CBC-4C40-A7F4-7A7B3D824710}.Release|x86.Build.0 = Release|Win32
		{7098480B-7C42-4BC0-95E4-3258B755841F}.Debug|x64.ActiveCfg = Debug|x64
		{7098480B-7C42-4BC0-95E4-3258B755841F}.Debug|x64.Build.0 = Debug|x64
		{7098480B-7C42-4BC0-95E4-3258B755841F}.Debug|x86.ActiveCfg = Debug|Win32
		{7098480B-7C42-4BC0-95E4-3258B755841F}.Debug|x86.Build.0 = Debug|Win32
		{7098480B-7C42-4BC0-95E4-3258B755841F}.Release|x64.ActiveCfg = Release|x64
		{7098480B-7C42-4BC0-95E4-3258B755841F}.Release|x64.Build.0 = Release|x64
		{7098480B-7C42-4BC0-95E4-3258B755841F}.Release|x86.ActiveCfg = Release|Win32
		{7098480B-7C42-4BC0-95E4-3258B755841F}.Release|x86.Build.0 = Release|Win32
		{B7E4298B-7D27-47DB-87E6-3AAA565FD4ED}.Debug|x64.ActiveCfg = Debug|x64
		{B7E4298B-7D27-47DB-87E6-3AAA565FD4ED}.Debug|x64.Build.0 = Debug|x64
		{B7E4298B-7D27-47DB-87E6-3AAA565FD4ED}.Debug|x86.ActiveCfg = Debug|Win32
		{B7E4298B-7D27-47DB-87E6-3AAA565FD4ED}.Debug|x86.Build.0 = Debug|Win32
		{B7E4298B-7D27-47DB-87E6-3AAA565FD4ED}.Release|x64.ActiveCfg = Release|x64
		{B7E4298B-7D27-47DB-87E6-3AAA565FD4ED}.Release|x64.Build.0 = Release|x64
		{B7E4298B-7D27-47DB-87E6-3AAA565FD4ED}.Release|x86.ActiveCfg = Release|Win32
		{B7E4298B-7D27-47DB-87E6-3AAA565FD4ED}.Release|x86.Build.0 = Release|Win32
		{7D77A22E-529B-45BD-85E6-27F2950AA630}.Debug|x64.ActiveCfg = Debug|x64
		{7D77A22E-529B-45BD-85E6-27F2950AA630}.Debug|x64.Build.0 = Debug|x64
		{7D77A22E-529B-45BD-85E6-27F2950AA630}.Debug|x86.ActiveCfg = Debug|Win32
		{7D77A22E-529B-45BD-85E6-27F2950AA630}.Debug|x86.Build.0 = Debug|Win32
		{7D77A22E-529B-45BD-85E6-27F2950AA630}.Release|x64.ActiveCfg = Release|x64
		{7D77A22E-529B-45BD-85E6-27F2950AA630}.Release|x64.Build.0 = Release|x64
		{7D77A22E-529B-45BD-85E6-27F2950AA630}.Release|x86.ActiveCfg = Release|Win32
		{7D77A22E-529B-45BD-85E6-27F2950AA630}.Release|x86.Build.0 = Release|Win32
		{1045A16A-2B16-4215-8776-B9FF8E994918}.Debug|x64.ActiveCfg = Debug|x64
		{1045A16A-2B16-4215-8776-B9FF8E994918}.Debug|x64.Build.0 = Debug|x64
		{1045A16A-2B16-4215-8776-B9FF8E994918}.Debug|x86.ActiveCfg = Debug|Win32
		{1045A16A-2B16-4215-8776-B9FF8E994918}.Debug|x86.Build.0 = Debug|Win32
		{1045A16A-2B16-4215-8776-B9FF8E994918}.Release|x64.ActiveCfg = Release|x64
		{1045A16A-2B16-4215-8776-B9FF8E994918}.Release|x64.Build.0 = Release|x64
		{1045A16A-2B16-4215-8776-B9FF8E994918}.Release|x86.ActiveCfg = Release|Win32
		{1045A16A-2B16-4215-8776-B9FF8E994918}.Release|x86.Build.0 = Release|Win32
		{F9B2D848-3ECC-4864-8500-695B3E34EDE8}.Debug|x64.ActiveCfg = Debug|x64
		{F9B2D848-3ECC-4864-8500-695B3E34EDE8}.Debug|x64.Build.0 = Debug|x64
		{F9B2D848-3ECC-4864-8500-695B3E34EDE8}.Debug|x86.ActiveCfg = Debug|Win32
		{F9B2D848-3ECC-4864-8500-695B3E34EDE8}.Debug|x86.Build.0 = Debug|Win32
		{F9B2D848-3ECC-4864-8500-695B3E34EDE8}.Release|x64.ActiveCfg = Release|x64
		{F9B2D848-3ECC-4864-8500-695B3E34EDE8}.Release|x64.Build.0 = Release|x64
		{F9B2D848-3ECC-4864-8500-695B3E34EDE8}.Release|x86.ActiveCfg = Release|Win32
		{F9B2D848-3ECC-4864-8500-695B3E34EDE8}.Release|x86.Build.0 = Release|Win32
		{E9DCFA53-CF57-430A-9A65-B513729EEF9E}.Debug|x64.ActiveCfg = Debug|x64
		{E9DCFA53-CF57-430A-9A65-B513729EEF9E}.Debug|x64.Build.0 = Debug|x64
		{E9DCFA53-CF57-430A-9A65-B513729EEF9E}.Debug|x86.ActiveCfg = Debug|Win32
		{E9DCFA53-CF57-430A-9A65-B513729EEF9E}.Debug|x86.Build.0 = Debug|Win32
		{E9DCFA53-CF57-430A-9A65-B513729EEF9E}.Release|x64.ActiveCfg = Release|x64
		{E9DCFA53-CF57-430A-9A65-B513729EEF9E}.Release|x64.Build.0 = Release|x64
		{E9DCFA53-CF57-430A-9A65-B513729EEF9E}.Release|x86.ActiveCfg = Release|Win32
		{E9DCFA53-CF57-430A-9A65-B513729EEF9E}.Release|x86.Build.0 = Release|Win32
		{8B39EB08-D352-4EE1-AF4A-994A6E21856C}.Debug|x64.ActiveCfg = Debug|x64
		{8B39EB08-D352-4EE1-AF4A-994A6E21856C}.Debug|x64.Build.0 = Debug|x64
		{8B39EB08-D352-4EE1-AF4A-994A6E21856C}.Debug|x86.ActiveCfg = Debug|Win32
		{8B39EB08-D352-4EE1-AF4A-994A6E21856C}.Debug|x86.Build.0 = Debug|Win32
		{8B39EB08-D352-4EE1-AF4A-994A6E21856C}.Release|x64.ActiveCfg = Release|x64
		{8B39EB08-D352-4EE1-AF4A-994A6E21856C}.Release|x64.Build.0 = Release|x64
		{8B39EB08-D352-4EE1-AF4A-994A6E21856C}.Release|x86.ActiveCfg = Release|Win32
		{8B39EB08-D352-4EE1-AF4A-994A6E21856C}.Release|x86.Build.0 = Release|Win32
		{FB8DB176-7AB8-47A8-A296-4E4EF61A3F2A}.Debug|x64.ActiveCfg = Debug|x64
		{FB8DB176-7AB8-47A8-A296-4E4EF61A3F2A}.Debug|x64.Build.0 = Debug|x64
		{FB8DB176-7AB8-47A8-A296-4E4EF61A3F2A}.Debug|x86.ActiveCfg = Debug|Win32
		{FB8DB176-7AB8-47A8-A296-4E4EF61A3F2A}.Debug|x86.Build.0 = Debug|Win32
		{FB8DB176-7AB8-47A8-A296-4E4EF61A3F2A}.Release|x64.ActiveCfg = Release|x64
		{FB8DB176-7AB8-47A8-A296-4E4EF61A3F2A}.Release|x64.Build.0 = Release|x64
		{FB8DB176-7AB8-47A8-A296-4E4EF61A3F2A}.Release|x86.ActiveCfg = Release|Win32
		{FB8DB176-7AB8-47A8-A296-4E4EF61A3F2A}.Release|x86.Build.0 = Release|Win32
		{2604DBED-DAD8-4465-9721-329C18F1500B}.Debug|x64.ActiveCfg = Debug|x64
		{2604DBED-DAD8-4465-9721-329C18F1500B}.Debug|x64.Build.0 = Debug|x64
		{2604DBED-DAD8-4465-9721-329C18F1500B}.Debug|x86.ActiveCfg = Debug|Win32
		{2604DBED-DAD8-4465-9721-329C18F1500B}.Debug|x86.Build.0 = Debug|Win32
		{2604DBED-DAD8-4465-9721-329C18F1500B}.Release|x64.ActiveCfg = Release|x64
		{2604DBED-DAD8-4465-9721-329C18F1500B}.Release|x64.Build.0 = Release|x64
		{2604DBED-DAD8-4465-9721-329C18F1500B}.Release|x86.ActiveCfg = Release|Win32
		{2604DBED-DAD8-4465-9721-329C18F1500B}.Release|x86.Build.0 = Release|Win32
		{E3F1B208-12E6-4E91-80B8-FC4D7A251051}.Debug|x64.ActiveCfg = Debug|x64
		{E3F1B208-12E6-4E91-80B8-FC4D7A251051}.Debug|x64.Build.0 = Debug|x64
		{E3F1B208-12E6-4E91-80B8-FC4D7A251051}.Debug|x86.ActiveCfg = Debug|Win32
		{E3F1B208-12E6-4E91-80B8-FC4D7A251051}.Debug|x86.Build.0 = Debug|Win32
		{E3F1B208-12E6-4E91-80B8-FC4D7A251051}.Release|x64.ActiveCfg = Release|x64
		{E3F1B208-12E6-4E91-80B8-FC4D7A251051}.Release|x64.Build.0 = Release|x64
		{E3F1B208-12E6-4E91-80B8-FC4D7A251051}.Release|x86.ActiveCfg = Release|Win32
		{E3F1B208-12E6-4E91-80B8-FC4D7A251051}.Release|x86.Build.0 = Release|Win32
		{FE4D135D-14E4-478E-9BB6-60BFE87BD523}.Debug|x64.ActiveCfg = Debug|x64
		{FE4D135D-14E4-478E-9BB6-60BFE87BD523}.Debug|x64.Build.0 = Debug|x64
		{FE4D135D-14E4-478E-9BB6-60BFE87BD523}.Debug|x86.ActiveCfg = Debug|Win32
		{FE4D135D-14E4-478E-9BB6-60BFE87BD523}.Debug|x86.Build.0 = Debug|Win32
		{FE4D135D-14E4-478E-9BB6-60BFE87BD523}.Release|x64.ActiveCfg = Release|x64
		{FE4D135D-14E4-478E-9BB6-60BFE87BD523}.Release|x64.Build.0 = Release|x64
		{FE4D135D-14E4-478E-9BB6-60BFE87BD523}.Release|x86.ActiveCfg = Release|Win32
		{FE4D135D-14E4-478E-9BB6-60BFE87BD523}.Release|x86.Build.0 = Release|Win32
	EndGlobalSection
	GlobalSection(SolutionProperties) = preSolution
		HideSolutionNode = FALSE
	EndGlobalSection
	GlobalSection(ExtensibilityGlobals) = postSolution
		SolutionGuid = {E3DB57F8-9BC5-4265-960F-E12833DA60B9}
	EndGlobalSection
EndGlobal
